
Microsoft Visual Studio Solution File, Format Version 12.00
# Visual Studio Version 17
VisualStudioVersion = 17.0.31903.59
MinimumVisualStudioVersion = 10.0.40219.1
Project("{FAE04EC0-301F-11D3-BF4B-00C04F79EFBC}") = "AtsEx.Troubleshooters.Common", "AtsEx.Troubleshooters.Common\AtsEx.Troubleshooters.Common.csproj", "{E1650E6E-758A-4923-B41A-026554A3F0E0}"
EndProject
Global
	GlobalSection(SolutionConfigurationPlatforms) = preSolution
		Debug|Any CPU = Debug|Any CPU
		Release|Any CPU = Release|Any CPU
	EndGlobalSection
	GlobalSection(ProjectConfigurationPlatforms) = postSolution
		{E1650E6E-758A-4923-B41A-026554A3F0E0}.Debug|Any CPU.ActiveCfg = Debug|Any CPU
		{E1650E6E-758A-4923-B41A-026554A3F0E0}.Debug|Any CPU.Build.0 = Debug|Any CPU
		{E1650E6E-758A-4923-B41A-026554A3F0E0}.Release|Any CPU.ActiveCfg = Release|Any CPU
		{E1650E6E-758A-4923-B41A-026554A3F0E0}.Release|Any CPU.Build.0 = Release|Any CPU
	EndGlobalSection
	GlobalSection(SolutionProperties) = preSolution
		HideSolutionNode = FALSE
	EndGlobalSection
	GlobalSection(ExtensibilityGlobals) = postSolution
		SolutionGuid = {B2213919-E58A-4D47-8B37-66198B55971B}
	EndGlobalSection
EndGlobal
